<?xml version="1.0" encoding="utf-8"?>
<Project ToolsVersion="4.0" xmlns="http://schemas.microsoft.com/developer/msbuild/2003">
  <ItemGroup>
    <Filter Include="Resource Files">
      <UniqueIdentifier>{67DA6AB6-F800-4c08-8B7A-83BB121AAD01}</UniqueIdentifier>
      <Extensions>rc;ico;cur;bmp;dlg;rc2;rct;bin;rgs;gif;jpg;jpeg;jpe;resx;tiff;tif;png;wav;mfcribbon-ms</Extensions>
    </Filter>
    <Filter Include="Utility">
      <UniqueIdentifier>{d001c3a2-c96e-4d99-9c0c-a8a826e442b9}</UniqueIdentifier>
    </Filter>
  </ItemGroup>
  <ItemGroup>
    <ClInclude Include="Utility\config.h">
      <Filter>Utility</Filter>
    </ClInclude>
    <ClInclude Include="Utility\Hooking.h">
      <Filter>Utility</Filter>
    </ClInclude>
    <ClInclude Include="Utility\Logger.h">
      <Filter>Utility</Filter>
    </ClInclude>
    <ClInclude Include="Utility\UIText.h">
      <Filter>Utility</Filter>
    </ClInclude>
    <ClInclude Include="Utility\patch.h">
      <Filter>Utility</Filter>
    </ClInclude>
    <ClInclude Include="Utility\pattern.h">
      <Filter>Utility</Filter>
    </ClInclude>
    <ClInclude Include="Utility\General.h">
      <Filter>Utility</Filter>
    </ClInclude>
    <ClInclude Include="resource.h" />
    <ClInclude Include="stdafx.h" />
    <ClInclude Include="types.h" />
    <ClInclude Include="strings.h" />
  </ItemGroup>
  <ItemGroup>
    <ClCompile Include="stdafx.cpp" />
    <ClCompile Include="main.cpp" />
    <ClCompile Include="Utility\Hooking.cpp">
      <Filter>Utility</Filter>
    </ClCompile>
    <ClCompile Include="Utility\Logger.cpp">
      <Filter>Utility</Filter>
    </ClCompile>
    <ClCompile Include="Utility\UIText.cpp">
      <Filter>Utility</Filter>
    </ClCompile>
    <ClCompile Include="Utility\General.cpp">
      <Filter>Utility</Filter>
    </ClCompile>
    <ClCompile Include="dllmain.cpp">
      <Filter>Utility</Filter>
    </ClCompile>
  </ItemGroup>
  <ItemGroup>
    <ResourceCompile Include="ManualReload.rc">
      <Filter>Resource Files</Filter>
    </ResourceCompile>
  </ItemGroup>
  <ItemGroup>
    <Media Include="..\..\..\..\..\Desktop\weap_dryfire_smg.wav">
      <Filter>Resource Files</Filter>
    </Media>
    <Media Include="..\..\..\..\..\Desktop\weap_dryfire_rifle.wav">
      <Filter>Resource Files</Filter>
    </Media>
  </ItemGroup>
</Project>